# THIS IS AN AUTOGENERATED FILE. DO NOT EDIT THIS FILE DIRECTLY.
# yarn lockfile v1


"react-native-fabric-digits@git://github.com/atomicits/react-native-fabric-digits.git":
  version "1.0.22"
  resolved "git://github.com/atomicits/react-native-fabric-digits.git#ca4cd148d9afde4670c57ac2346a772d8e60e49d"
